{
  "name": "strapi-provider-upload-local-path",
  "version": "3.6.1-alpha.13",
  "lockfileVersion": 2,
  "requires": true,
  "packages": {
    "": {
      "version": "3.6.1-alpha.13",
      "license": "SEE LICENSE IN LICENSE",
      "engines": {
        "node": ">=10.16.0",
        "npm": ">=6.0.0"
      }
    }
  }
}
